Microsoft Visual Studio Solution File, Format Version 11.00
# Visual Studio 2008

Project("{4D077E5C-B267-8587-357C-DD58D92BFADA}") = "ProjetoBD", "Assembly-CSharp-firstpass.csproj", "{9E5BB17F-A7BB-D967-5228-3A4307F986F3}"
EndProject
Project("{4D077E5C-B267-8587-357C-DD58D92BFADA}") = "ProjetoBD", "Assembly-CSharp.csproj", "{B3CA8230-E4ED-2844-D2FD-866AEDC0EAC4}"
EndProject
Project("{4D077E5C-B267-8587-357C-DD58D92BFADA}") = "ProjetoBD", "Assembly-CSharp-Editor.csproj", "{F8753C7D-8AE0-D828-3398-C2127802E9D8}"
EndProject
Global
	GlobalSection(SolutionConfigurationPlatforms) = preSolution
		Debug|Any CPU = Debug|Any CPU
		Release|Any CPU = Release|Any CPU
	EndGlobalSection
	GlobalSection(ProjectConfigurationPlatforms) = postSolution
		{9E5BB17F-A7BB-D967-5228-3A4307F986F3}.Debug|Any CPU.ActiveCfg = Debug|Any CPU
		{9E5BB17F-A7BB-D967-5228-3A4307F986F3}.Debug|Any CPU.Build.0 = Debug|Any CPU
		{9E5BB17F-A7BB-D967-5228-3A4307F986F3}.Release|Any CPU.ActiveCfg = Release|Any CPU
		{9E5BB17F-A7BB-D967-5228-3A4307F986F3}.Release|Any CPU.Build.0 = Release|Any CPU
		{B3CA8230-E4ED-2844-D2FD-866AEDC0EAC4}.Debug|Any CPU.ActiveCfg = Debug|Any CPU
		{B3CA8230-E4ED-2844-D2FD-866AEDC0EAC4}.Debug|Any CPU.Build.0 = Debug|Any CPU
		{B3CA8230-E4ED-2844-D2FD-866AEDC0EAC4}.Release|Any CPU.ActiveCfg = Release|Any CPU
		{B3CA8230-E4ED-2844-D2FD-866AEDC0EAC4}.Release|Any CPU.Build.0 = Release|Any CPU
		{F8753C7D-8AE0-D828-3398-C2127802E9D8}.Debug|Any CPU.ActiveCfg = Debug|Any CPU
		{F8753C7D-8AE0-D828-3398-C2127802E9D8}.Debug|Any CPU.Build.0 = Debug|Any CPU
		{F8753C7D-8AE0-D828-3398-C2127802E9D8}.Release|Any CPU.ActiveCfg = Release|Any CPU
		{F8753C7D-8AE0-D828-3398-C2127802E9D8}.Release|Any CPU.Build.0 = Release|Any CPU
	EndGlobalSection
	GlobalSection(SolutionProperties) = preSolution
		HideSolutionNode = FALSE
	EndGlobalSection
																																																																											GlobalSection(MonoDevelopProperties) = preSolution
		StartupItem = Assembly-CSharp.csproj
		Policies = $0
		$0.TextStylePolicy = $1
		$1.inheritsSet = null
		$1.scope = text/x-csharp
		$0.CSharpFormattingPolicy = $2
		$2.inheritsSet = Mono
		$2.inheritsScope = text/x-csharp
		$2.scope = text/x-csharp
		$0.TextStylePolicy = $3
		$3.FileWidth = 120
		$3.TabWidth = 4
		$3.IndentWidth = 4
		$3.EolMarker = Unix
		$3.inheritsSet = Mono
		$3.inheritsScope = text/plain
		$3.scope = text/plain
	EndGlobalSection

EndGlobal
